
Microsoft Visual Studio Solution File, Format Version 12.00
# Visual Studio Version 16
VisualStudioVersion = 16.0.29409.12
MinimumVisualStudioVersion = 10.0.40219.1
Project("{FAE04EC0-301F-11D3-BF4B-00C04F79EFBC}") = "Lora_ConfTool", "Lora_ConfTool.csproj", "{40D5E879-553F-4A71-BD5D-0C463F909229}"
EndProject
Global
	GlobalSection(SolutionConfigurationPlatforms) = preSolution
		Debug|Any CPU = Debug|Any CPU
		Release|Any CPU = Release|Any CPU
	EndGlobalSection
	GlobalSection(ProjectConfigurationPlatforms) = postSolution
		{40D5E879-553F-4A71-BD5D-0C463F909229}.Debug|Any CPU.ActiveCfg = Debug|Any CPU
		{40D5E879-553F-4A71-BD5D-0C463F909229}.Debug|Any CPU.Build.0 = Debug|Any CPU
		{40D5E879-553F-4A71-BD5D-0C463F909229}.Release|Any CPU.ActiveCfg = Release|Any CPU
		{40D5E879-553F-4A71-BD5D-0C463F909229}.Release|Any CPU.Build.0 = Release|Any CPU
	EndGlobalSection
	GlobalSection(SolutionProperties) = preSolution
		HideSolutionNode = FALSE
	EndGlobalSection
	GlobalSection(ExtensibilityGlobals) = postSolution
		SolutionGuid = {70D9CC8D-2C3C-43E7-9003-457E4C447CD1}
	EndGlobalSection
EndGlobal
